
Microsoft Visual Studio Solution File, Format Version 12.00
# Visual Studio Version 16
VisualStudioVersion = 16.0.30011.22
MinimumVisualStudioVersion = 10.0.40219.1
Project("{888888A0-9F3D-457C-B088-3A5042F75D52}") = "call", "call.pyproj", "{6F9DE126-9983-455D-BDDC-0E1B0C1BE4DE}"
EndProject
Project("{FAE04EC0-301F-11D3-BF4B-00C04F79EFBC}") = "cleaner_driver", "..\cleaner\cleaner_driver.csproj", "{800176C5-E6A2-4D29-9C91-8B6FCCE8DA1C}"
EndProject
Global
	GlobalSection(SolutionConfigurationPlatforms) = preSolution
		Debug|Any CPU = Debug|Any CPU
		Release|Any CPU = Release|Any CPU
	EndGlobalSection
	GlobalSection(ProjectConfigurationPlatforms) = postSolution
		{6F9DE126-9983-455D-BDDC-0E1B0C1BE4DE}.Debug|Any CPU.ActiveCfg = Debug|Any CPU
		{6F9DE126-9983-455D-BDDC-0E1B0C1BE4DE}.Release|Any CPU.ActiveCfg = Release|Any CPU
		{800176C5-E6A2-4D29-9C91-8B6FCCE8DA1C}.Debug|Any CPU.ActiveCfg = Debug|Any CPU
		{800176C5-E6A2-4D29-9C91-8B6FCCE8DA1C}.Debug|Any CPU.Build.0 = Debug|Any CPU
		{800176C5-E6A2-4D29-9C91-8B6FCCE8DA1C}.Release|Any CPU.ActiveCfg = Release|Any CPU
		{800176C5-E6A2-4D29-9C91-8B6FCCE8DA1C}.Release|Any CPU.Build.0 = Release|Any CPU
	EndGlobalSection
	GlobalSection(SolutionProperties) = preSolution
		HideSolutionNode = FALSE
	EndGlobalSection
	GlobalSection(ExtensibilityGlobals) = postSolution
		SolutionGuid = {E90833D1-DAAC-4400-BF06-AE587D1EC416}
	EndGlobalSection
EndGlobal
